// !$*UTF8*$!
{
	archiveVersion = 1;
	classes = {
	};
	objectVersion = 46;
	objects = {

/* Begin PBXBuildFile section */
		BE54B0771E3E8F3800F570F9 /* AppDelegate.swift in Sources */ = {isa = PBXBuildFile; fileRef = BE54B0761E3E8F3800F570F9 /* AppDelegate.swift */; };
		BE54B07C1E3E8F3800F570F9 /* Main.storyboard in Resources */ = {isa = PBXBuildFile; fileRef = BE54B07A1E3E8F3800F570F9 /* Main.storyboard */; };
		BE54B07E1E3E8F3800F570F9 /* Assets.xcassets in Resources */ = {isa = PBXBuildFile; fileRef = BE54B07D1E3E8F3800F570F9 /* Assets.xcassets */; };
		BE54B0811E3E8F3800F570F9 /* LaunchScreen.storyboard in Resources */ = {isa = PBXBuildFile; fileRef = BE54B07F1E3E8F3800F570F9 /* LaunchScreen.storyboard */; };
		BE54B0891E3EB4D800F570F9 /* ToDo.swift in Sources */ = {isa = PBXBuildFile; fileRef = BE54B0881E3EB4D800F570F9 /* ToDo.swift */; };
		BE54B08B1E3EBC6200F570F9 /* ToDoTableViewController.swift in Sources */ = {isa = PBXBuildFile; fileRef = BE54B08A1E3EBC6200F570F9 /* ToDoTableViewController.swift */; };
		BE54B08D1E3EF7BC00F570F9 /* ToDoViewController.swift in Sources */ = {isa = PBXBuildFile; fileRef = BE54B08C1E3EF7BC00F570F9 /* ToDoViewController.swift */; };
		BEB612F91E4B6D6D003D9FFA /* ToDoCell.swift in Sources */ = {isa = PBXBuildFile; fileRef = BEB612F81E4B6D6D003D9FFA /* ToDoCell.swift */; };
/* End PBXBuildFile section */

/* Begin PBXFileReference section */
		BE54B0731E3E8F3800F570F9 /* ToDoList.app */ = {isa = PBXFileReference; explicitFileType = wrapper.application; includeInIndex = 0; path = ToDoList.app; sourceTree = BUILT_PRODUCTS_DIR; };
		BE54B0761E3E8F3800F570F9 /* AppDelegate.swift */ = {isa = PBXFileReference; lastKnownFileType = sourcecode.swift; path = AppDelegate.swift; sourceTree = "<group>"; };
		BE54B07B1E3E8F3800F570F9 /* Base */ = {isa = PBXFileReference; lastKnownFileType = file.storyboard; name = Base; path = Base.lproj/Main.storyboard; sourceTree = "<group>"; };
		BE54B07D1E3E8F3800F570F9 /* Assets.xcassets */ = {isa = PBXFileReference; lastKnownFileType = folder.assetcatalog; path = Assets.xcassets; sourceTree = "<group>"; };
		BE54B0801E3E8F3800F570F9 /* Base */ = {isa = PBXFileReference; lastKnownFileType = file.storyboard; name = Base; path = Base.lproj/LaunchScreen.storyboard; sourceTree = "<group>"; };
		BE54B0821E3E8F3800F570F9 /* Info.plist */ = {isa = PBXFileReference; lastKnownFileType = text.plist.xml; path = Info.plist; sourceTree = "<group>"; };
		BE54B0881E3EB4D800F570F9 /* ToDo.swift */ = {isa = PBXFileReference; fileEncoding = 4; lastKnownFileType = sourcecode.swift; path = ToDo.swift; sourceTree = "<group>"; };
		BE54B08A1E3EBC6200F570F9 /* ToDoTableViewController.swift */ = {isa = PBXFileReference; fileEncoding = 4; lastKnownFileType = sourcecode.swift; path = ToDoTableViewController.swift; sourceTree = "<group>"; };
		BE54B08C1E3EF7BC00F570F9 /* ToDoViewController.swift */ = {isa = PBXFileReference; fileEncoding = 4; lastKnownFileType = sourcecode.swift; path = ToDoViewController.swift; sourceTree = "<group>"; };
		BEB612F81E4B6D6D003D9FFA /* ToDoCell.swift */ = {isa = PBXFileReference; fileEncoding = 4; lastKnownFileType = sourcecode.swift; path = ToDoCell.swift; sourceTree = "<group>"; };
/* End PBXFileReference section */

/* Begin PBXFrameworksBuildPhase section */
		BE54B0701E3E8F3800F570F9 /* Frameworks */ = {
			isa = PBXFrameworksBuildPhase;
			buildActionMask = 2147483647;
			files = (
			);
			runOnlyForDeploymentPostprocessing = 0;
		};
/* End PBXFrameworksBuildPhase section */

/* Begin PBXGroup section */
		BE54B06A1E3E8F3800F570F9 = {
			isa = PBXGroup;
			children = (
				BE54B0751E3E8F3800F570F9 /* ToDoList */,
				BE54B0741E3E8F3800F570F9 /* Products */,
			);
			sourceTree = "<group>";
		};
		BE54B0741E3E8F3800F570F9 /* Products */ = {
			isa = PBXGroup;
			children = (
				BE54B0731E3E8F3800F570F9 /* ToDoList.app */,
			);
			name = Products;
			sourceTree = "<group>";
		};
		BE54B0751E3E8F3800F570F9 /* ToDoList */ = {
			isa = PBXGroup;
			children = (
				BE54B0761E3E8F3800F570F9 /* AppDelegate.swift */,
				BE54B07A1E3E8F3800F570F9 /* Main.storyboard */,
				BE54B0881E3EB4D800F570F9 /* ToDo.swift */,
				BE54B08A1E3EBC6200F570F9 /* ToDoTableViewController.swift */,
				BEB612F81E4B6D6D003D9FFA /* ToDoCell.swift */,
				BE54B08C1E3EF7BC00F570F9 /* ToDoViewController.swift */,
				BE54B07D1E3E8F3800F570F9 /* Assets.xcassets */,
				BE54B07F1E3E8F3800F570F9 /* LaunchScreen.storyboard */,
				BE54B0821E3E8F3800F570F9 /* Info.plist */,
			);
			path = ToDoList;
			sourceTree = "<group>";
		};
/* End PBXGroup section */

/* Begin PBXNativeTarget section */
		BE54B0721E3E8F3800F570F9 /* ToDoList */ = {
			isa = PBXNativeTarget;
			buildConfigurationList = BE54B0851E3E8F3800F570F9 /* Build configuration list for PBXNativeTarget "ToDoList" */;
			buildPhases = (
				BE54B06F1E3E8F3800F570F9 /* Sources */,
				BE54B0701E3E8F3800F570F9 /* Frameworks */,
				BE54B0711E3E8F3800F570F9 /* Resources */,
			);
			buildRules = (
			);
			dependencies = (
			);
			name = ToDoList;
			productName = ToDoList;
			productReference = BE54B0731E3E8F3800F570F9 /* ToDoList.app */;
			productType = "com.apple.product-type.application";
		};
/* End PBXNativeTarget section */

/* Begin PBXProject section */
		BE54B06B1E3E8F3800F570F9 /* Project object */ = {
			isa = PBXProject;
			attributes = {
				LastSwiftUpdateCheck = 0820;
				LastUpgradeCheck = 0900;
				TargetAttributes = {
					BE54B0721E3E8F3800F570F9 = {
						CreatedOnToolsVersion = 8.2.1;
						DevelopmentTeam = 9NNKG45Q2D;
						LastSwiftMigration = 0900;
						ProvisioningStyle = Automatic;
					};
				};
			};
			buildConfigurationList = BE54B06E1E3E8F3800F570F9 /* Build configuration list for PBXProject "ToDoList" */;
			compatibilityVersion = "Xcode 3.2";
			developmentRegion = English;
			hasScannedForEncodings = 0;
			knownRegions = (
				en,
				Base,
			);
			mainGroup = BE54B06A1E3E8F3800F570F9;
			productRefGroup = BE54B0741E3E8F3800F570F9 /* Products */;
			projectDirPath = "";
			projectRoot = "";
			targets = (
				BE54B0721E3E8F3800F570F9 /* ToDoList */,
			);
		};
/* End PBXProject section */

/* Begin PBXResourcesBuildPhase section */
		BE54B0711E3E8F3800F570F9 /* Resources */ = {
			isa = PBXResourcesBuildPhase;
			buildActionMask = 2147483647;
			files = (
				BE54B0811E3E8F3800F570F9 /* LaunchScreen.storyboard in Resources */,
				BE54B07E1E3E8F3800F570F9 /* Assets.xcassets in Resources */,
				BE54B07C1E3E8F3800F570F9 /* Main.storyboard in Resources */,
			);
			runOnlyForDeploymentPostprocessing = 0;
		};
/* End PBXResourcesBuildPhase section */

/* Begin PBXSourcesBuildPhase section */
		BE54B06F1E3E8F3800F570F9 /* Sources */ = {
			isa = PBXSourcesBuildPhase;
			buildActionMask = 2147483647;
			files = (
				BE54B08D1E3EF7BC00F570F9 /* ToDoViewController.swift in Sources */,
				BE54B0891E3EB4D800F570F9 /* ToDo.swift in Sources */,
				BE54B08B1E3EBC6200F570F9 /* ToDoTableViewController.swift in Sources */,
				BE54B0771E3E8F3800F570F9 /* AppDelegate.swift in Sources */,
				BEB612F91E4B6D6D003D9FFA /* ToDoCell.swift in Sources */,
			);
			runOnlyForDeploymentPostprocessing = 0;
		};
/* End PBXSourcesBuildPhase section */

/* Begin PBXVariantGroup section */
		BE54B07A1E3E8F3800F570F9 /* Main.storyboard */ = {
			isa = PBXVariantGroup;
			children = (
				BE54B07B1E3E8F3800F570F9 /* Base */,
			);
			name = Main.storyboard;
			sourceTree = "<group>";
		};
		BE54B07F1E3E8F3800F570F9 /* LaunchScreen.storyboard */ = {
			isa = PBXVariantGroup;
			children = (
				BE54B0801E3E8F3800F570F9 /* Base */,
			);
			name = LaunchScreen.storyboard;
			sourceTree = "<group>";
		};
/* End PBXVariantGroup section */

/* Begin XCBuildConfiguration section */
		BE54B0831E3E8F3800F570F9 /* Debug */ = {
			isa = XCBuildConfiguration;
			buildSettings = {
				ALWAYS_SEARCH_USER_PATHS = NO;
				CLANG_ANALYZER_NONNULL = YES;
				CLANG_CXX_LANGUAGE_STANDARD = "gnu++0x";
				CLANG_CXX_LIBRARY = "libc++";
				CLANG_ENABLE_MODULES = YES;
				CLANG_ENABLE_OBJC_ARC = YES;
				CLANG_WARN_BLOCK_CAPTURE_AUTORELEASING = YES;
				CLANG_WARN_BOOL_CONVERSION = YES;
				CLANG_WARN_COMMA = YES;
				CLANG_WARN_CONSTANT_CONVERSION = YES;
				CLANG_WARN_DIRECT_OBJC_ISA_USAGE = YES_ERROR;
				CLANG_WARN_DOCUMENTATION_COMMENTS = YES;
				CLANG_WARN_EMPTY_BODY = YES;
				CLANG_WARN_ENUM_CONVERSION = YES;
				CLANG_WARN_INFINITE_RECURSION = YES;
				CLANG_WARN_INT_CONVERSION = YES;
				CLANG_WARN_NON_LITERAL_NULL_CONVERSION = YES;
				CLANG_WARN_OBJC_LITERAL_CONVERSION = YES;
				CLANG_WARN_OBJC_ROOT_CLASS = YES_ERROR;
				CLANG_WARN_RANGE_LOOP_ANALYSIS = YES;
				CLANG_WARN_STRICT_PROTOTYPES = YES;
				CLANG_WARN_SUSPICIOUS_MOVE = YES;
				CLANG_WARN_UNREACHABLE_CODE = YES;
				CLANG_WARN__DUPLICATE_METHOD_MATCH = YES;
				"CODE_SIGN_IDENTITY[sdk=iphoneos*]" = "iPhone Developer";
				COPY_PHASE_STRIP = NO;
				DEBUG_INFORMATION_FORMAT = dwarf;
				ENABLE_STRICT_OBJC_MSGSEND = YES;
				ENABLE_TESTABILITY = YES;
				GCC_C_LANGUAGE_STANDARD = gnu99;
				GCC_DYNAMIC_NO_PIC = NO;
				GCC_NO_COMMON_BLOCKS = YES;
				GCC_OPTIMIZATION_LEVEL = 0;
				GCC_PREPROCESSOR_DEFINITIONS = (
					"DEBUG=1",
					"$(inherited)",
				);
				GCC_WARN_64_TO_32_BIT_CONVERSION = YES;
				GCC_WARN_ABOUT_RETURN_TYPE = YES_ERROR;
				GCC_WARN_UNDECLARED_SELECTOR = YES;
				GCC_WARN_UNINITIALIZED_AUTOS = YES_AGGRESSIVE;
				GCC_WARN_UNUSED_FUNCTION = YES;
				GCC_WARN_UNUSED_VARIABLE = YES;
				IPHONEOS_DEPLOYMENT_TARGET = 11.0;
				MTL_ENABLE_DEBUG_INFO = YES;
				ONLY_ACTIVE_ARCH = YES;
				SDKROOT = iphoneos;
				SWIFT_ACTIVE_COMPILATION_CONDITIONS = DEBUG;
				SWIFT_OPTIMIZATION_LEVEL = "-Onone";
				TARGETED_DEVICE_FAMILY = "1,2";
			};
			name = Debug;
		};
		BE54B0841E3E8F3800F570F9 /* Release */ = {
			isa = XCBuildConfiguration;
			buildSettings = {
				ALWAYS_SEARCH_USER_PATHS = NO;
				CLANG_ANALYZER_NONNULL = YES;
				CLANG_CXX_LANGUAGE_STANDARD = "gnu++0x";
				CLANG_CXX_LIBRARY = "libc++";
				CLANG_ENABLE_MODULES = YES;
				CLANG_ENABLE_OBJC_ARC = YES;
				CLANG_WARN_BLOCK_CAPTURE_AUTORELEASING = YES;
				CLANG_WARN_BOOL_CONVERSION = YES;
				CLANG_WARN_COMMA = YES;
				CLANG_WARN_CONSTANT_CONVERSION = YES;
				CLANG_WARN_DIRECT_OBJC_ISA_USAGE = YES_ERROR;
				CLANG_WARN_DOCUMENTATION_COMMENTS = YES;
				CLANG_WARN_EMPTY_BODY = YES;
				CLANG_WARN_ENUM_CONVERSION = YES;
				CLANG_WARN_INFINITE_RECURSION = YES;
				CLANG_WARN_INT_CONVERSION = YES;
				CLANG_WARN_NON_LITERAL_NULL_CONVERSION = YES;
				CLANG_WARN_OBJC_LITERAL_CONVERSION = YES;
				CLANG_WARN_OBJC_ROOT_CLASS = YES_ERROR;
				CLANG_WARN_RANGE_LOOP_ANALYSIS = YES;
				CLANG_WARN_STRICT_PROTOTYPES = YES;
				CLANG_WARN_SUSPICIOUS_MOVE = YES;
				CLANG_WARN_UNREACHABLE_CODE = YES;
				CLANG_WARN__DUPLICATE_METHOD_MATCH = YES;
				"CODE_SIGN_IDENTITY[sdk=iphoneos*]" = "iPhone Developer";
				COPY_PHASE_STRIP = NO;
				DEBUG_INFORMATION_FORMAT = "dwarf-with-dsym";
				ENABLE_NS_ASSERTIONS = NO;
				ENABLE_STRICT_OBJC_MSGSEND = YES;
				GCC_C_LANGUAGE_STANDARD = gnu99;
				GCC_NO_COMMON_BLOCKS = YES;
				GCC_WARN_64_TO_32_BIT_CONVERSION = YES;
				GCC_WARN_ABOUT_RETURN_TYPE = YES_ERROR;
				GCC_WARN_UNDECLARED_SELECTOR = YES;
				GCC_WARN_UNINITIALIZED_AUTOS = YES_AGGRESSIVE;
				GCC_WARN_UNUSED_FUNCTION = YES;
				GCC_WARN_UNUSED_VARIABLE = YES;
				IPHONEOS_DEPLOYMENT_TARGET = 11.0;
				MTL_ENABLE_DEBUG_INFO = NO;
				SDKROOT = iphoneos;
				SWIFT_OPTIMIZATION_LEVEL = "-Owholemodule";
				TARGETED_DEVICE_FAMILY = "1,2";
				VALIDATE_PRODUCT = YES;
			};
			name = Release;
		};
		BE54B0861E3E8F3800F570F9 /* Debug */ = {
			isa = XCBuildConfiguration;
			buildSettings = {
				ASSETCATALOG_COMPILER_APPICON_NAME = AppIcon;
				DEVELOPMENT_TEAM = 9NNKG45Q2D;
				INFOPLIST_FILE = ToDoList/Info.plist;
				IPHONEOS_DEPLOYMENT_TARGET = 11.0;
				LD_RUNPATH_SEARCH_PATHS = "$(inherited) @executable_path/Frameworks";
				PRODUCT_BUNDLE_IDENTIFIER = com.Johnny.SystemViewControllers;
				PRODUCT_NAME = "$(TARGET_NAME)";
				SWIFT_SWIFT3_OBJC_INFERENCE = Off;
				SWIFT_VERSION = 4.0;
			};
			name = Debug;
		};
		BE54B0871E3E8F3800F570F9 /* Release */ = {
			isa = XCBuildConfiguration;
			buildSettings = {
				ASSETCATALOG_COMPILER_APPICON_NAME = AppIcon;
				DEVELOPMENT_TEAM = 9NNKG45Q2D;
				INFOPLIST_FILE = ToDoList/Info.plist;
				IPHONEOS_DEPLOYMENT_TARGET = 11.0;
				LD_RUNPATH_SEARCH_PATHS = "$(inherited) @executable_path/Frameworks";
				PRODUCT_BUNDLE_IDENTIFIER = com.Johnny.SystemViewControllers;
				PRODUCT_NAME = "$(TARGET_NAME)";
				SWIFT_SWIFT3_OBJC_INFERENCE = Off;
				SWIFT_VERSION = 4.0;
			};
			name = Release;
		};
/* End XCBuildConfiguration section */

/* Begin XCConfigurationList section */
		BE54B06E1E3E8F3800F570F9 /* Build configuration list for PBXProject "ToDoList" */ = {
			isa = XCConfigurationList;
			buildConfigurations = (
				BE54B0831E3E8F3800F570F9 /* Debug */,
				BE54B0841E3E8F3800F570F9 /* Release */,
			);
			defaultConfigurationIsVisible = 0;
			defaultConfigurationName = Release;
		};
		BE54B0851E3E8F3800F570F9 /* Build configuration list for PBXNativeTarget "ToDoList" */ = {
			isa = XCConfigurationList;
			buildConfigurations = (
				BE54B0861E3E8F3800F570F9 /* Debug */,
				BE54B0871E3E8F3800F570F9 /* Release */,
			);
			defaultConfigurationIsVisible = 0;
			defaultConfigurationName = Release;
		};
/* End XCConfigurationList section */
	};
	rootObject = BE54B06B1E3E8F3800F570F9 /* Project object */;
}
