// !$*UTF8*$!
{
	archiveVersion = 1;
	classes = {
	};
	objectVersion = 48;
	objects = {

/* Begin PBXBuildFile section */
		2D28EC691F7E70A200FA1603 /* ToDoCell.swift in Sources */ = {isa = PBXBuildFile; fileRef = 2D28EC681F7E70A200FA1603 /* ToDoCell.swift */; };
		2D430DEB1F7DB31C0088EA68 /* AppDelegate.swift in Sources */ = {isa = PBXBuildFile; fileRef = 2D430DEA1F7DB31C0088EA68 /* AppDelegate.swift */; };
		2D430DF01F7DB31C0088EA68 /* Main.storyboard in Resources */ = {isa = PBXBuildFile; fileRef = 2D430DEE1F7DB31C0088EA68 /* Main.storyboard */; };
		2D430DF21F7DB31C0088EA68 /* Assets.xcassets in Resources */ = {isa = PBXBuildFile; fileRef = 2D430DF11F7DB31C0088EA68 /* Assets.xcassets */; };
		2D430DF51F7DB31C0088EA68 /* LaunchScreen.storyboard in Resources */ = {isa = PBXBuildFile; fileRef = 2D430DF31F7DB31C0088EA68 /* LaunchScreen.storyboard */; };
		2D430DFD1F7DB3C30088EA68 /* ToDoTableViewController.swift in Sources */ = {isa = PBXBuildFile; fileRef = 2D430DFC1F7DB3C30088EA68 /* ToDoTableViewController.swift */; };
		2D430DFF1F7DB4AA0088EA68 /* ToDo.swift in Sources */ = {isa = PBXBuildFile; fileRef = 2D430DFE1F7DB4AA0088EA68 /* ToDo.swift */; };
		2D430E011F7DB5DA0088EA68 /* ToDoViewController.swift in Sources */ = {isa = PBXBuildFile; fileRef = 2D430E001F7DB5DA0088EA68 /* ToDoViewController.swift */; };
/* End PBXBuildFile section */

/* Begin PBXFileReference section */
		2D28EC681F7E70A200FA1603 /* ToDoCell.swift */ = {isa = PBXFileReference; lastKnownFileType = sourcecode.swift; path = ToDoCell.swift; sourceTree = "<group>"; };
		2D430DE71F7DB31C0088EA68 /* ToDoList.app */ = {isa = PBXFileReference; explicitFileType = wrapper.application; includeInIndex = 0; path = ToDoList.app; sourceTree = BUILT_PRODUCTS_DIR; };
		2D430DEA1F7DB31C0088EA68 /* AppDelegate.swift */ = {isa = PBXFileReference; lastKnownFileType = sourcecode.swift; path = AppDelegate.swift; sourceTree = "<group>"; };
		2D430DEF1F7DB31C0088EA68 /* Base */ = {isa = PBXFileReference; lastKnownFileType = file.storyboard; name = Base; path = Base.lproj/Main.storyboard; sourceTree = "<group>"; };
		2D430DF11F7DB31C0088EA68 /* Assets.xcassets */ = {isa = PBXFileReference; lastKnownFileType = folder.assetcatalog; path = Assets.xcassets; sourceTree = "<group>"; };
		2D430DF41F7DB31C0088EA68 /* Base */ = {isa = PBXFileReference; lastKnownFileType = file.storyboard; name = Base; path = Base.lproj/LaunchScreen.storyboard; sourceTree = "<group>"; };
		2D430DF61F7DB31C0088EA68 /* Info.plist */ = {isa = PBXFileReference; lastKnownFileType = text.plist.xml; path = Info.plist; sourceTree = "<group>"; };
		2D430DFC1F7DB3C30088EA68 /* ToDoTableViewController.swift */ = {isa = PBXFileReference; lastKnownFileType = sourcecode.swift; path = ToDoTableViewController.swift; sourceTree = "<group>"; };
		2D430DFE1F7DB4AA0088EA68 /* ToDo.swift */ = {isa = PBXFileReference; lastKnownFileType = sourcecode.swift; path = ToDo.swift; sourceTree = "<group>"; };
		2D430E001F7DB5DA0088EA68 /* ToDoViewController.swift */ = {isa = PBXFileReference; lastKnownFileType = sourcecode.swift; path = ToDoViewController.swift; sourceTree = "<group>"; };
/* End PBXFileReference section */

/* Begin PBXFrameworksBuildPhase section */
		2D430DE41F7DB31C0088EA68 /* Frameworks */ = {
			isa = PBXFrameworksBuildPhase;
			buildActionMask = 2147483647;
			files = (
			);
			runOnlyForDeploymentPostprocessing = 0;
		};
/* End PBXFrameworksBuildPhase section */

/* Begin PBXGroup section */
		2D430DDE1F7DB31B0088EA68 = {
			isa = PBXGroup;
			children = (
				2D430DE91F7DB31C0088EA68 /* ToDoList */,
				2D430DE81F7DB31C0088EA68 /* Products */,
			);
			sourceTree = "<group>";
		};
		2D430DE81F7DB31C0088EA68 /* Products */ = {
			isa = PBXGroup;
			children = (
				2D430DE71F7DB31C0088EA68 /* ToDoList.app */,
			);
			name = Products;
			sourceTree = "<group>";
		};
		2D430DE91F7DB31C0088EA68 /* ToDoList */ = {
			isa = PBXGroup;
			children = (
				2D430DEA1F7DB31C0088EA68 /* AppDelegate.swift */,
				2D430DEE1F7DB31C0088EA68 /* Main.storyboard */,
				2D430E001F7DB5DA0088EA68 /* ToDoViewController.swift */,
				2D430DFE1F7DB4AA0088EA68 /* ToDo.swift */,
				2D430DFC1F7DB3C30088EA68 /* ToDoTableViewController.swift */,
				2D28EC681F7E70A200FA1603 /* ToDoCell.swift */,
				2D430DF11F7DB31C0088EA68 /* Assets.xcassets */,
				2D430DF31F7DB31C0088EA68 /* LaunchScreen.storyboard */,
				2D430DF61F7DB31C0088EA68 /* Info.plist */,
			);
			path = ToDoList;
			sourceTree = "<group>";
		};
/* End PBXGroup section */

/* Begin PBXNativeTarget section */
		2D430DE61F7DB31C0088EA68 /* ToDoList */ = {
			isa = PBXNativeTarget;
			buildConfigurationList = 2D430DF91F7DB31C0088EA68 /* Build configuration list for PBXNativeTarget "ToDoList" */;
			buildPhases = (
				2D430DE31F7DB31C0088EA68 /* Sources */,
				2D430DE41F7DB31C0088EA68 /* Frameworks */,
				2D430DE51F7DB31C0088EA68 /* Resources */,
			);
			buildRules = (
			);
			dependencies = (
			);
			name = ToDoList;
			productName = ToDoList;
			productReference = 2D430DE71F7DB31C0088EA68 /* ToDoList.app */;
			productType = "com.apple.product-type.application";
		};
/* End PBXNativeTarget section */

/* Begin PBXProject section */
		2D430DDF1F7DB31B0088EA68 /* Project object */ = {
			isa = PBXProject;
			attributes = {
				LastSwiftUpdateCheck = 0900;
				LastUpgradeCheck = 0900;
				ORGANIZATIONNAME = Johnny_L;
				TargetAttributes = {
					2D430DE61F7DB31C0088EA68 = {
						CreatedOnToolsVersion = 9.0;
						ProvisioningStyle = Automatic;
					};
				};
			};
			buildConfigurationList = 2D430DE21F7DB31B0088EA68 /* Build configuration list for PBXProject "ToDoList" */;
			compatibilityVersion = "Xcode 8.0";
			developmentRegion = en;
			hasScannedForEncodings = 0;
			knownRegions = (
				en,
				Base,
			);
			mainGroup = 2D430DDE1F7DB31B0088EA68;
			productRefGroup = 2D430DE81F7DB31C0088EA68 /* Products */;
			projectDirPath = "";
			projectRoot = "";
			targets = (
				2D430DE61F7DB31C0088EA68 /* ToDoList */,
			);
		};
/* End PBXProject section */

/* Begin PBXResourcesBuildPhase section */
		2D430DE51F7DB31C0088EA68 /* Resources */ = {
			isa = PBXResourcesBuildPhase;
			buildActionMask = 2147483647;
			files = (
				2D430DF51F7DB31C0088EA68 /* LaunchScreen.storyboard in Resources */,
				2D430DF21F7DB31C0088EA68 /* Assets.xcassets in Resources */,
				2D430DF01F7DB31C0088EA68 /* Main.storyboard in Resources */,
			);
			runOnlyForDeploymentPostprocessing = 0;
		};
/* End PBXResourcesBuildPhase section */

/* Begin PBXSourcesBuildPhase section */
		2D430DE31F7DB31C0088EA68 /* Sources */ = {
			isa = PBXSourcesBuildPhase;
			buildActionMask = 2147483647;
			files = (
				2D430E011F7DB5DA0088EA68 /* ToDoViewController.swift in Sources */,
				2D430DFF1F7DB4AA0088EA68 /* ToDo.swift in Sources */,
				2D430DEB1F7DB31C0088EA68 /* AppDelegate.swift in Sources */,
				2D430DFD1F7DB3C30088EA68 /* ToDoTableViewController.swift in Sources */,
				2D28EC691F7E70A200FA1603 /* ToDoCell.swift in Sources */,
			);
			runOnlyForDeploymentPostprocessing = 0;
		};
/* End PBXSourcesBuildPhase section */

/* Begin PBXVariantGroup section */
		2D430DEE1F7DB31C0088EA68 /* Main.storyboard */ = {
			isa = PBXVariantGroup;
			children = (
				2D430DEF1F7DB31C0088EA68 /* Base */,
			);
			name = Main.storyboard;
			sourceTree = "<group>";
		};
		2D430DF31F7DB31C0088EA68 /* LaunchScreen.storyboard */ = {
			isa = PBXVariantGroup;
			children = (
				2D430DF41F7DB31C0088EA68 /* Base */,
			);
			name = LaunchScreen.storyboard;
			sourceTree = "<group>";
		};
/* End PBXVariantGroup section */

/* Begin XCBuildConfiguration section */
		2D430DF71F7DB31C0088EA68 /* Debug */ = {
			isa = XCBuildConfiguration;
			buildSettings = {
				ALWAYS_SEARCH_USER_PATHS = NO;
				CLANG_ANALYZER_NONNULL = YES;
				CLANG_ANALYZER_NUMBER_OBJECT_CONVERSION = YES_AGGRESSIVE;
				CLANG_CXX_LANGUAGE_STANDARD = "gnu++14";
				CLANG_CXX_LIBRARY = "libc++";
				CLANG_ENABLE_MODULES = YES;
				CLANG_ENABLE_OBJC_ARC = YES;
				CLANG_WARN_BLOCK_CAPTURE_AUTORELEASING = YES;
				CLANG_WARN_BOOL_CONVERSION = YES;
				CLANG_WARN_COMMA = YES;
				CLANG_WARN_CONSTANT_CONVERSION = YES;
				CLANG_WARN_DIRECT_OBJC_ISA_USAGE = YES_ERROR;
				CLANG_WARN_DOCUMENTATION_COMMENTS = YES;
				CLANG_WARN_EMPTY_BODY = YES;
				CLANG_WARN_ENUM_CONVERSION = YES;
				CLANG_WARN_INFINITE_RECURSION = YES;
				CLANG_WARN_INT_CONVERSION = YES;
				CLANG_WARN_NON_LITERAL_NULL_CONVERSION = YES;
				CLANG_WARN_OBJC_LITERAL_CONVERSION = YES;
				CLANG_WARN_OBJC_ROOT_CLASS = YES_ERROR;
				CLANG_WARN_RANGE_LOOP_ANALYSIS = YES;
				CLANG_WARN_STRICT_PROTOTYPES = YES;
				CLANG_WARN_SUSPICIOUS_MOVE = YES;
				CLANG_WARN_UNGUARDED_AVAILABILITY = YES_AGGRESSIVE;
				CLANG_WARN_UNREACHABLE_CODE = YES;
				CLANG_WARN__DUPLICATE_METHOD_MATCH = YES;
				CODE_SIGN_IDENTITY = "iPhone Developer";
				COPY_PHASE_STRIP = NO;
				DEBUG_INFORMATION_FORMAT = dwarf;
				ENABLE_STRICT_OBJC_MSGSEND = YES;
				ENABLE_TESTABILITY = YES;
				GCC_C_LANGUAGE_STANDARD = gnu11;
				GCC_DYNAMIC_NO_PIC = NO;
				GCC_NO_COMMON_BLOCKS = YES;
				GCC_OPTIMIZATION_LEVEL = 0;
				GCC_PREPROCESSOR_DEFINITIONS = (
					"DEBUG=1",
					"$(inherited)",
				);
				GCC_WARN_64_TO_32_BIT_CONVERSION = YES;
				GCC_WARN_ABOUT_RETURN_TYPE = YES_ERROR;
				GCC_WARN_UNDECLARED_SELECTOR = YES;
				GCC_WARN_UNINITIALIZED_AUTOS = YES_AGGRESSIVE;
				GCC_WARN_UNUSED_FUNCTION = YES;
				GCC_WARN_UNUSED_VARIABLE = YES;
				IPHONEOS_DEPLOYMENT_TARGET = 11.0;
				MTL_ENABLE_DEBUG_INFO = YES;
				ONLY_ACTIVE_ARCH = YES;
				SDKROOT = iphoneos;
				SWIFT_ACTIVE_COMPILATION_CONDITIONS = DEBUG;
				SWIFT_OPTIMIZATION_LEVEL = "-Onone";
			};
			name = Debug;
		};
		2D430DF81F7DB31C0088EA68 /* Release */ = {
			isa = XCBuildConfiguration;
			buildSettings = {
				ALWAYS_SEARCH_USER_PATHS = NO;
				CLANG_ANALYZER_NONNULL = YES;
				CLANG_ANALYZER_NUMBER_OBJECT_CONVERSION = YES_AGGRESSIVE;
				CLANG_CXX_LANGUAGE_STANDARD = "gnu++14";
				CLANG_CXX_LIBRARY = "libc++";
				CLANG_ENABLE_MODULES = YES;
				CLANG_ENABLE_OBJC_ARC = YES;
				CLANG_WARN_BLOCK_CAPTURE_AUTORELEASING = YES;
				CLANG_WARN_BOOL_CONVERSION = YES;
				CLANG_WARN_COMMA = YES;
				CLANG_WARN_CONSTANT_CONVERSION = YES;
				CLANG_WARN_DIRECT_OBJC_ISA_USAGE = YES_ERROR;
				CLANG_WARN_DOCUMENTATION_COMMENTS = YES;
				CLANG_WARN_EMPTY_BODY = YES;
				CLANG_WARN_ENUM_CONVERSION = YES;
				CLANG_WARN_INFINITE_RECURSION = YES;
				CLANG_WARN_INT_CONVERSION = YES;
				CLANG_WARN_NON_LITERAL_NULL_CONVERSION = YES;
				CLANG_WARN_OBJC_LITERAL_CONVERSION = YES;
				CLANG_WARN_OBJC_ROOT_CLASS = YES_ERROR;
				CLANG_WARN_RANGE_LOOP_ANALYSIS = YES;
				CLANG_WARN_STRICT_PROTOTYPES = YES;
				CLANG_WARN_SUSPICIOUS_MOVE = YES;
				CLANG_WARN_UNGUARDED_AVAILABILITY = YES_AGGRESSIVE;
				CLANG_WARN_UNREACHABLE_CODE = YES;
				CLANG_WARN__DUPLICATE_METHOD_MATCH = YES;
				CODE_SIGN_IDENTITY = "iPhone Developer";
				COPY_PHASE_STRIP = NO;
				DEBUG_INFORMATION_FORMAT = "dwarf-with-dsym";
				ENABLE_NS_ASSERTIONS = NO;
				ENABLE_STRICT_OBJC_MSGSEND = YES;
				GCC_C_LANGUAGE_STANDARD = gnu11;
				GCC_NO_COMMON_BLOCKS = YES;
				GCC_WARN_64_TO_32_BIT_CONVERSION = YES;
				GCC_WARN_ABOUT_RETURN_TYPE = YES_ERROR;
				GCC_WARN_UNDECLARED_SELECTOR = YES;
				GCC_WARN_UNINITIALIZED_AUTOS = YES_AGGRESSIVE;
				GCC_WARN_UNUSED_FUNCTION = YES;
				GCC_WARN_UNUSED_VARIABLE = YES;
				IPHONEOS_DEPLOYMENT_TARGET = 11.0;
				MTL_ENABLE_DEBUG_INFO = NO;
				SDKROOT = iphoneos;
				SWIFT_OPTIMIZATION_LEVEL = "-Owholemodule";
				VALIDATE_PRODUCT = YES;
			};
			name = Release;
		};
		2D430DFA1F7DB31C0088EA68 /* Debug */ = {
			isa = XCBuildConfiguration;
			buildSettings = {
				ASSETCATALOG_COMPILER_APPICON_NAME = AppIcon;
				CODE_SIGN_STYLE = Automatic;
				DEVELOPMENT_TEAM = 9NNKG45Q2D;
				INFOPLIST_FILE = ToDoList/Info.plist;
				LD_RUNPATH_SEARCH_PATHS = "$(inherited) @executable_path/Frameworks";
				PRODUCT_BUNDLE_IDENTIFIER = com.Johnny.SystemViewControllers;
				PRODUCT_NAME = "$(TARGET_NAME)";
				SWIFT_VERSION = 4.0;
				TARGETED_DEVICE_FAMILY = "1,2";
			};
			name = Debug;
		};
		2D430DFB1F7DB31C0088EA68 /* Release */ = {
			isa = XCBuildConfiguration;
			buildSettings = {
				ASSETCATALOG_COMPILER_APPICON_NAME = AppIcon;
				CODE_SIGN_STYLE = Automatic;
				DEVELOPMENT_TEAM = 9NNKG45Q2D;
				INFOPLIST_FILE = ToDoList/Info.plist;
				LD_RUNPATH_SEARCH_PATHS = "$(inherited) @executable_path/Frameworks";
				PRODUCT_BUNDLE_IDENTIFIER = com.Johnny.SystemViewControllers;
				PRODUCT_NAME = "$(TARGET_NAME)";
				SWIFT_VERSION = 4.0;
				TARGETED_DEVICE_FAMILY = "1,2";
			};
			name = Release;
		};
/* End XCBuildConfiguration section */

/* Begin XCConfigurationList section */
		2D430DE21F7DB31B0088EA68 /* Build configuration list for PBXProject "ToDoList" */ = {
			isa = XCConfigurationList;
			buildConfigurations = (
				2D430DF71F7DB31C0088EA68 /* Debug */,
				2D430DF81F7DB31C0088EA68 /* Release */,
			);
			defaultConfigurationIsVisible = 0;
			defaultConfigurationName = Release;
		};
		2D430DF91F7DB31C0088EA68 /* Build configuration list for PBXNativeTarget "ToDoList" */ = {
			isa = XCConfigurationList;
			buildConfigurations = (
				2D430DFA1F7DB31C0088EA68 /* Debug */,
				2D430DFB1F7DB31C0088EA68 /* Release */,
			);
			defaultConfigurationIsVisible = 0;
			defaultConfigurationName = Release;
		};
/* End XCConfigurationList section */
	};
	rootObject = 2D430DDF1F7DB31B0088EA68 /* Project object */;
}
