// !$*UTF8*$!
{
	archiveVersion = 1;
	classes = {
	};
	objectVersion = 48;
	objects = {

/* Begin PBXBuildFile section */
		2DDFFBFF1F9268F90086299A /* AppDelegate.swift in Sources */ = {isa = PBXBuildFile; fileRef = 2DDFFBFE1F9268F90086299A /* AppDelegate.swift */; };
		2DDFFC041F9268F90086299A /* Main.storyboard in Resources */ = {isa = PBXBuildFile; fileRef = 2DDFFC021F9268F90086299A /* Main.storyboard */; };
		2DDFFC061F9268F90086299A /* Assets.xcassets in Resources */ = {isa = PBXBuildFile; fileRef = 2DDFFC051F9268F90086299A /* Assets.xcassets */; };
		2DDFFC091F9268F90086299A /* LaunchScreen.storyboard in Resources */ = {isa = PBXBuildFile; fileRef = 2DDFFC071F9268F90086299A /* LaunchScreen.storyboard */; };
		2DDFFC111F926C380086299A /* Emoji.swift in Sources */ = {isa = PBXBuildFile; fileRef = 2DDFFC101F926C380086299A /* Emoji.swift */; };
		2DDFFC131F92703D0086299A /* EmojiTableViewController.swift in Sources */ = {isa = PBXBuildFile; fileRef = 2DDFFC121F92703D0086299A /* EmojiTableViewController.swift */; };
/* End PBXBuildFile section */

/* Begin PBXFileReference section */
		2DDFFBFB1F9268F90086299A /* Emoji Dictionary.app */ = {isa = PBXFileReference; explicitFileType = wrapper.application; includeInIndex = 0; path = "Emoji Dictionary.app"; sourceTree = BUILT_PRODUCTS_DIR; };
		2DDFFBFE1F9268F90086299A /* AppDelegate.swift */ = {isa = PBXFileReference; lastKnownFileType = sourcecode.swift; path = AppDelegate.swift; sourceTree = "<group>"; };
		2DDFFC031F9268F90086299A /* Base */ = {isa = PBXFileReference; lastKnownFileType = file.storyboard; name = Base; path = Base.lproj/Main.storyboard; sourceTree = "<group>"; };
		2DDFFC051F9268F90086299A /* Assets.xcassets */ = {isa = PBXFileReference; lastKnownFileType = folder.assetcatalog; path = Assets.xcassets; sourceTree = "<group>"; };
		2DDFFC081F9268F90086299A /* Base */ = {isa = PBXFileReference; lastKnownFileType = file.storyboard; name = Base; path = Base.lproj/LaunchScreen.storyboard; sourceTree = "<group>"; };
		2DDFFC0A1F9268F90086299A /* Info.plist */ = {isa = PBXFileReference; lastKnownFileType = text.plist.xml; path = Info.plist; sourceTree = "<group>"; };
		2DDFFC101F926C380086299A /* Emoji.swift */ = {isa = PBXFileReference; lastKnownFileType = sourcecode.swift; path = Emoji.swift; sourceTree = "<group>"; };
		2DDFFC121F92703D0086299A /* EmojiTableViewController.swift */ = {isa = PBXFileReference; lastKnownFileType = sourcecode.swift; path = EmojiTableViewController.swift; sourceTree = "<group>"; };
/* End PBXFileReference section */

/* Begin PBXFrameworksBuildPhase section */
		2DDFFBF81F9268F90086299A /* Frameworks */ = {
			isa = PBXFrameworksBuildPhase;
			buildActionMask = 2147483647;
			files = (
			);
			runOnlyForDeploymentPostprocessing = 0;
		};
/* End PBXFrameworksBuildPhase section */

/* Begin PBXGroup section */
		2DDFFBF21F9268F90086299A = {
			isa = PBXGroup;
			children = (
				2DDFFBFD1F9268F90086299A /* Emoji Dictionary */,
				2DDFFBFC1F9268F90086299A /* Products */,
			);
			sourceTree = "<group>";
		};
		2DDFFBFC1F9268F90086299A /* Products */ = {
			isa = PBXGroup;
			children = (
				2DDFFBFB1F9268F90086299A /* Emoji Dictionary.app */,
			);
			name = Products;
			sourceTree = "<group>";
		};
		2DDFFBFD1F9268F90086299A /* Emoji Dictionary */ = {
			isa = PBXGroup;
			children = (
				2DDFFBFE1F9268F90086299A /* AppDelegate.swift */,
				2DDFFC021F9268F90086299A /* Main.storyboard */,
				2DDFFC101F926C380086299A /* Emoji.swift */,
				2DDFFC121F92703D0086299A /* EmojiTableViewController.swift */,
				2DDFFC051F9268F90086299A /* Assets.xcassets */,
				2DDFFC071F9268F90086299A /* LaunchScreen.storyboard */,
				2DDFFC0A1F9268F90086299A /* Info.plist */,
			);
			path = "Emoji Dictionary";
			sourceTree = "<group>";
		};
/* End PBXGroup section */

/* Begin PBXNativeTarget section */
		2DDFFBFA1F9268F90086299A /* Emoji Dictionary */ = {
			isa = PBXNativeTarget;
			buildConfigurationList = 2DDFFC0D1F9268F90086299A /* Build configuration list for PBXNativeTarget "Emoji Dictionary" */;
			buildPhases = (
				2DDFFBF71F9268F90086299A /* Sources */,
				2DDFFBF81F9268F90086299A /* Frameworks */,
				2DDFFBF91F9268F90086299A /* Resources */,
			);
			buildRules = (
			);
			dependencies = (
			);
			name = "Emoji Dictionary";
			productName = "Emoji Dictionary";
			productReference = 2DDFFBFB1F9268F90086299A /* Emoji Dictionary.app */;
			productType = "com.apple.product-type.application";
		};
/* End PBXNativeTarget section */

/* Begin PBXProject section */
		2DDFFBF31F9268F90086299A /* Project object */ = {
			isa = PBXProject;
			attributes = {
				LastSwiftUpdateCheck = 0900;
				LastUpgradeCheck = 0900;
				ORGANIZATIONNAME = Johnny_L;
				TargetAttributes = {
					2DDFFBFA1F9268F90086299A = {
						CreatedOnToolsVersion = 9.0;
						ProvisioningStyle = Automatic;
					};
				};
			};
			buildConfigurationList = 2DDFFBF61F9268F90086299A /* Build configuration list for PBXProject "Emoji Dictionary" */;
			compatibilityVersion = "Xcode 8.0";
			developmentRegion = en;
			hasScannedForEncodings = 0;
			knownRegions = (
				en,
				Base,
			);
			mainGroup = 2DDFFBF21F9268F90086299A;
			productRefGroup = 2DDFFBFC1F9268F90086299A /* Products */;
			projectDirPath = "";
			projectRoot = "";
			targets = (
				2DDFFBFA1F9268F90086299A /* Emoji Dictionary */,
			);
		};
/* End PBXProject section */

/* Begin PBXResourcesBuildPhase section */
		2DDFFBF91F9268F90086299A /* Resources */ = {
			isa = PBXResourcesBuildPhase;
			buildActionMask = 2147483647;
			files = (
				2DDFFC091F9268F90086299A /* LaunchScreen.storyboard in Resources */,
				2DDFFC061F9268F90086299A /* Assets.xcassets in Resources */,
				2DDFFC041F9268F90086299A /* Main.storyboard in Resources */,
			);
			runOnlyForDeploymentPostprocessing = 0;
		};
/* End PBXResourcesBuildPhase section */

/* Begin PBXSourcesBuildPhase section */
		2DDFFBF71F9268F90086299A /* Sources */ = {
			isa = PBXSourcesBuildPhase;
			buildActionMask = 2147483647;
			files = (
				2DDFFC111F926C380086299A /* Emoji.swift in Sources */,
				2DDFFC131F92703D0086299A /* EmojiTableViewController.swift in Sources */,
				2DDFFBFF1F9268F90086299A /* AppDelegate.swift in Sources */,
			);
			runOnlyForDeploymentPostprocessing = 0;
		};
/* End PBXSourcesBuildPhase section */

/* Begin PBXVariantGroup section */
		2DDFFC021F9268F90086299A /* Main.storyboard */ = {
			isa = PBXVariantGroup;
			children = (
				2DDFFC031F9268F90086299A /* Base */,
			);
			name = Main.storyboard;
			sourceTree = "<group>";
		};
		2DDFFC071F9268F90086299A /* LaunchScreen.storyboard */ = {
			isa = PBXVariantGroup;
			children = (
				2DDFFC081F9268F90086299A /* Base */,
			);
			name = LaunchScreen.storyboard;
			sourceTree = "<group>";
		};
/* End PBXVariantGroup section */

/* Begin XCBuildConfiguration section */
		2DDFFC0B1F9268F90086299A /* Debug */ = {
			isa = XCBuildConfiguration;
			buildSettings = {
				ALWAYS_SEARCH_USER_PATHS = NO;
				CLANG_ANALYZER_NONNULL = YES;
				CLANG_ANALYZER_NUMBER_OBJECT_CONVERSION = YES_AGGRESSIVE;
				CLANG_CXX_LANGUAGE_STANDARD = "gnu++14";
				CLANG_CXX_LIBRARY = "libc++";
				CLANG_ENABLE_MODULES = YES;
				CLANG_ENABLE_OBJC_ARC = YES;
				CLANG_WARN_BLOCK_CAPTURE_AUTORELEASING = YES;
				CLANG_WARN_BOOL_CONVERSION = YES;
				CLANG_WARN_COMMA = YES;
				CLANG_WARN_CONSTANT_CONVERSION = YES;
				CLANG_WARN_DIRECT_OBJC_ISA_USAGE = YES_ERROR;
				CLANG_WARN_DOCUMENTATION_COMMENTS = YES;
				CLANG_WARN_EMPTY_BODY = YES;
				CLANG_WARN_ENUM_CONVERSION = YES;
				CLANG_WARN_INFINITE_RECURSION = YES;
				CLANG_WARN_INT_CONVERSION = YES;
				CLANG_WARN_NON_LITERAL_NULL_CONVERSION = YES;
				CLANG_WARN_OBJC_LITERAL_CONVERSION = YES;
				CLANG_WARN_OBJC_ROOT_CLASS = YES_ERROR;
				CLANG_WARN_RANGE_LOOP_ANALYSIS = YES;
				CLANG_WARN_STRICT_PROTOTYPES = YES;
				CLANG_WARN_SUSPICIOUS_MOVE = YES;
				CLANG_WARN_UNGUARDED_AVAILABILITY = YES_AGGRESSIVE;
				CLANG_WARN_UNREACHABLE_CODE = YES;
				CLANG_WARN__DUPLICATE_METHOD_MATCH = YES;
				CODE_SIGN_IDENTITY = "iPhone Developer";
				COPY_PHASE_STRIP = NO;
				DEBUG_INFORMATION_FORMAT = dwarf;
				ENABLE_STRICT_OBJC_MSGSEND = YES;
				ENABLE_TESTABILITY = YES;
				GCC_C_LANGUAGE_STANDARD = gnu11;
				GCC_DYNAMIC_NO_PIC = NO;
				GCC_NO_COMMON_BLOCKS = YES;
				GCC_OPTIMIZATION_LEVEL = 0;
				GCC_PREPROCESSOR_DEFINITIONS = (
					"DEBUG=1",
					"$(inherited)",
				);
				GCC_WARN_64_TO_32_BIT_CONVERSION = YES;
				GCC_WARN_ABOUT_RETURN_TYPE = YES_ERROR;
				GCC_WARN_UNDECLARED_SELECTOR = YES;
				GCC_WARN_UNINITIALIZED_AUTOS = YES_AGGRESSIVE;
				GCC_WARN_UNUSED_FUNCTION = YES;
				GCC_WARN_UNUSED_VARIABLE = YES;
				IPHONEOS_DEPLOYMENT_TARGET = 11.0;
				MTL_ENABLE_DEBUG_INFO = YES;
				ONLY_ACTIVE_ARCH = YES;
				SDKROOT = iphoneos;
				SWIFT_ACTIVE_COMPILATION_CONDITIONS = DEBUG;
				SWIFT_OPTIMIZATION_LEVEL = "-Onone";
			};
			name = Debug;
		};
		2DDFFC0C1F9268F90086299A /* Release */ = {
			isa = XCBuildConfiguration;
			buildSettings = {
				ALWAYS_SEARCH_USER_PATHS = NO;
				CLANG_ANALYZER_NONNULL = YES;
				CLANG_ANALYZER_NUMBER_OBJECT_CONVERSION = YES_AGGRESSIVE;
				CLANG_CXX_LANGUAGE_STANDARD = "gnu++14";
				CLANG_CXX_LIBRARY = "libc++";
				CLANG_ENABLE_MODULES = YES;
				CLANG_ENABLE_OBJC_ARC = YES;
				CLANG_WARN_BLOCK_CAPTURE_AUTORELEASING = YES;
				CLANG_WARN_BOOL_CONVERSION = YES;
				CLANG_WARN_COMMA = YES;
				CLANG_WARN_CONSTANT_CONVERSION = YES;
				CLANG_WARN_DIRECT_OBJC_ISA_USAGE = YES_ERROR;
				CLANG_WARN_DOCUMENTATION_COMMENTS = YES;
				CLANG_WARN_EMPTY_BODY = YES;
				CLANG_WARN_ENUM_CONVERSION = YES;
				CLANG_WARN_INFINITE_RECURSION = YES;
				CLANG_WARN_INT_CONVERSION = YES;
				CLANG_WARN_NON_LITERAL_NULL_CONVERSION = YES;
				CLANG_WARN_OBJC_LITERAL_CONVERSION = YES;
				CLANG_WARN_OBJC_ROOT_CLASS = YES_ERROR;
				CLANG_WARN_RANGE_LOOP_ANALYSIS = YES;
				CLANG_WARN_STRICT_PROTOTYPES = YES;
				CLANG_WARN_SUSPICIOUS_MOVE = YES;
				CLANG_WARN_UNGUARDED_AVAILABILITY = YES_AGGRESSIVE;
				CLANG_WARN_UNREACHABLE_CODE = YES;
				CLANG_WARN__DUPLICATE_METHOD_MATCH = YES;
				CODE_SIGN_IDENTITY = "iPhone Developer";
				COPY_PHASE_STRIP = NO;
				DEBUG_INFORMATION_FORMAT = "dwarf-with-dsym";
				ENABLE_NS_ASSERTIONS = NO;
				ENABLE_STRICT_OBJC_MSGSEND = YES;
				GCC_C_LANGUAGE_STANDARD = gnu11;
				GCC_NO_COMMON_BLOCKS = YES;
				GCC_WARN_64_TO_32_BIT_CONVERSION = YES;
				GCC_WARN_ABOUT_RETURN_TYPE = YES_ERROR;
				GCC_WARN_UNDECLARED_SELECTOR = YES;
				GCC_WARN_UNINITIALIZED_AUTOS = YES_AGGRESSIVE;
				GCC_WARN_UNUSED_FUNCTION = YES;
				GCC_WARN_UNUSED_VARIABLE = YES;
				IPHONEOS_DEPLOYMENT_TARGET = 11.0;
				MTL_ENABLE_DEBUG_INFO = NO;
				SDKROOT = iphoneos;
				SWIFT_OPTIMIZATION_LEVEL = "-Owholemodule";
				VALIDATE_PRODUCT = YES;
			};
			name = Release;
		};
		2DDFFC0E1F9268F90086299A /* Debug */ = {
			isa = XCBuildConfiguration;
			buildSettings = {
				ASSETCATALOG_COMPILER_APPICON_NAME = AppIcon;
				CODE_SIGN_STYLE = Automatic;
				DEVELOPMENT_TEAM = 9NNKG45Q2D;
				INFOPLIST_FILE = "Emoji Dictionary/Info.plist";
				LD_RUNPATH_SEARCH_PATHS = "$(inherited) @executable_path/Frameworks";
				PRODUCT_BUNDLE_IDENTIFIER = "com.Johnny.Emoji-Dictionary";
				PRODUCT_NAME = "$(TARGET_NAME)";
				SWIFT_VERSION = 4.0;
				TARGETED_DEVICE_FAMILY = "1,2";
			};
			name = Debug;
		};
		2DDFFC0F1F9268F90086299A /* Release */ = {
			isa = XCBuildConfiguration;
			buildSettings = {
				ASSETCATALOG_COMPILER_APPICON_NAME = AppIcon;
				CODE_SIGN_STYLE = Automatic;
				DEVELOPMENT_TEAM = 9NNKG45Q2D;
				INFOPLIST_FILE = "Emoji Dictionary/Info.plist";
				LD_RUNPATH_SEARCH_PATHS = "$(inherited) @executable_path/Frameworks";
				PRODUCT_BUNDLE_IDENTIFIER = "com.Johnny.Emoji-Dictionary";
				PRODUCT_NAME = "$(TARGET_NAME)";
				SWIFT_VERSION = 4.0;
				TARGETED_DEVICE_FAMILY = "1,2";
			};
			name = Release;
		};
/* End XCBuildConfiguration section */

/* Begin XCConfigurationList section */
		2DDFFBF61F9268F90086299A /* Build configuration list for PBXProject "Emoji Dictionary" */ = {
			isa = XCConfigurationList;
			buildConfigurations = (
				2DDFFC0B1F9268F90086299A /* Debug */,
				2DDFFC0C1F9268F90086299A /* Release */,
			);
			defaultConfigurationIsVisible = 0;
			defaultConfigurationName = Release;
		};
		2DDFFC0D1F9268F90086299A /* Build configuration list for PBXNativeTarget "Emoji Dictionary" */ = {
			isa = XCConfigurationList;
			buildConfigurations = (
				2DDFFC0E1F9268F90086299A /* Debug */,
				2DDFFC0F1F9268F90086299A /* Release */,
			);
			defaultConfigurationIsVisible = 0;
			defaultConfigurationName = Release;
		};
/* End XCConfigurationList section */
	};
	rootObject = 2DDFFBF31F9268F90086299A /* Project object */;
}
