// !$*UTF8*$!
{
	archiveVersion = 1;
	classes = {
	};
	objectVersion = 46;
	objects = {

/* Begin PBXBuildFile section */
		BE2654AA1E23CD4500A57FAC /* QuestionViewController.swift in Sources */ = {isa = PBXBuildFile; fileRef = BE2654A91E23CD4500A57FAC /* QuestionViewController.swift */; };
		BE2654AC1E23CD5200A57FAC /* ResultsViewController.swift in Sources */ = {isa = PBXBuildFile; fileRef = BE2654AB1E23CD5200A57FAC /* ResultsViewController.swift */; };
		BE2654AE1E23F2CF00A57FAC /* QuestionData.swift in Sources */ = {isa = PBXBuildFile; fileRef = BE2654AD1E23F2CF00A57FAC /* QuestionData.swift */; };
		BEDF08F01E1C10AD003AA14D /* AppDelegate.swift in Sources */ = {isa = PBXBuildFile; fileRef = BEDF08EF1E1C10AD003AA14D /* AppDelegate.swift */; };
		BEDF08F21E1C10AE003AA14D /* IntroductionViewController.swift in Sources */ = {isa = PBXBuildFile; fileRef = BEDF08F11E1C10AE003AA14D /* IntroductionViewController.swift */; };
		BEDF08F51E1C10AE003AA14D /* Main.storyboard in Resources */ = {isa = PBXBuildFile; fileRef = BEDF08F31E1C10AE003AA14D /* Main.storyboard */; };
		BEDF08F71E1C10AE003AA14D /* Assets.xcassets in Resources */ = {isa = PBXBuildFile; fileRef = BEDF08F61E1C10AE003AA14D /* Assets.xcassets */; };
		BEDF08FA1E1C10AE003AA14D /* LaunchScreen.storyboard in Resources */ = {isa = PBXBuildFile; fileRef = BEDF08F81E1C10AE003AA14D /* LaunchScreen.storyboard */; };
/* End PBXBuildFile section */

/* Begin PBXFileReference section */
		BE2654A91E23CD4500A57FAC /* QuestionViewController.swift */ = {isa = PBXFileReference; fileEncoding = 4; lastKnownFileType = sourcecode.swift; path = QuestionViewController.swift; sourceTree = "<group>"; };
		BE2654AB1E23CD5200A57FAC /* ResultsViewController.swift */ = {isa = PBXFileReference; fileEncoding = 4; lastKnownFileType = sourcecode.swift; path = ResultsViewController.swift; sourceTree = "<group>"; };
		BE2654AD1E23F2CF00A57FAC /* QuestionData.swift */ = {isa = PBXFileReference; fileEncoding = 4; lastKnownFileType = sourcecode.swift; path = QuestionData.swift; sourceTree = "<group>"; };
		BEDF08EC1E1C10AD003AA14D /* PersonalityQuiz.app */ = {isa = PBXFileReference; explicitFileType = wrapper.application; includeInIndex = 0; path = PersonalityQuiz.app; sourceTree = BUILT_PRODUCTS_DIR; };
		BEDF08EF1E1C10AD003AA14D /* AppDelegate.swift */ = {isa = PBXFileReference; lastKnownFileType = sourcecode.swift; path = AppDelegate.swift; sourceTree = "<group>"; };
		BEDF08F11E1C10AE003AA14D /* IntroductionViewController.swift */ = {isa = PBXFileReference; lastKnownFileType = sourcecode.swift; path = IntroductionViewController.swift; sourceTree = "<group>"; };
		BEDF08F41E1C10AE003AA14D /* Base */ = {isa = PBXFileReference; lastKnownFileType = file.storyboard; name = Base; path = Base.lproj/Main.storyboard; sourceTree = "<group>"; };
		BEDF08F61E1C10AE003AA14D /* Assets.xcassets */ = {isa = PBXFileReference; lastKnownFileType = folder.assetcatalog; path = Assets.xcassets; sourceTree = "<group>"; };
		BEDF08F91E1C10AE003AA14D /* Base */ = {isa = PBXFileReference; lastKnownFileType = file.storyboard; name = Base; path = Base.lproj/LaunchScreen.storyboard; sourceTree = "<group>"; };
		BEDF08FB1E1C10AE003AA14D /* Info.plist */ = {isa = PBXFileReference; lastKnownFileType = text.plist.xml; path = Info.plist; sourceTree = "<group>"; };
/* End PBXFileReference section */

/* Begin PBXFrameworksBuildPhase section */
		BEDF08E91E1C10AD003AA14D /* Frameworks */ = {
			isa = PBXFrameworksBuildPhase;
			buildActionMask = 2147483647;
			files = (
			);
			runOnlyForDeploymentPostprocessing = 0;
		};
/* End PBXFrameworksBuildPhase section */

/* Begin PBXGroup section */
		BEDF08E31E1C10AD003AA14D = {
			isa = PBXGroup;
			children = (
				BEDF08EE1E1C10AD003AA14D /* PersonalityQuiz */,
				BEDF08ED1E1C10AD003AA14D /* Products */,
			);
			sourceTree = "<group>";
		};
		BEDF08ED1E1C10AD003AA14D /* Products */ = {
			isa = PBXGroup;
			children = (
				BEDF08EC1E1C10AD003AA14D /* PersonalityQuiz.app */,
			);
			name = Products;
			sourceTree = "<group>";
		};
		BEDF08EE1E1C10AD003AA14D /* PersonalityQuiz */ = {
			isa = PBXGroup;
			children = (
				BEDF08EF1E1C10AD003AA14D /* AppDelegate.swift */,
				BEDF08F11E1C10AE003AA14D /* IntroductionViewController.swift */,
				BEDF08F31E1C10AE003AA14D /* Main.storyboard */,
				BE2654A91E23CD4500A57FAC /* QuestionViewController.swift */,
				BE2654AB1E23CD5200A57FAC /* ResultsViewController.swift */,
				BE2654AD1E23F2CF00A57FAC /* QuestionData.swift */,
				BEDF08F61E1C10AE003AA14D /* Assets.xcassets */,
				BEDF08F81E1C10AE003AA14D /* LaunchScreen.storyboard */,
				BEDF08FB1E1C10AE003AA14D /* Info.plist */,
			);
			path = PersonalityQuiz;
			sourceTree = "<group>";
		};
/* End PBXGroup section */

/* Begin PBXNativeTarget section */
		BEDF08EB1E1C10AD003AA14D /* PersonalityQuiz */ = {
			isa = PBXNativeTarget;
			buildConfigurationList = BEDF08FE1E1C10AE003AA14D /* Build configuration list for PBXNativeTarget "PersonalityQuiz" */;
			buildPhases = (
				BEDF08E81E1C10AD003AA14D /* Sources */,
				BEDF08E91E1C10AD003AA14D /* Frameworks */,
				BEDF08EA1E1C10AD003AA14D /* Resources */,
			);
			buildRules = (
			);
			dependencies = (
			);
			name = PersonalityQuiz;
			productName = PersonalityQuiz;
			productReference = BEDF08EC1E1C10AD003AA14D /* PersonalityQuiz.app */;
			productType = "com.apple.product-type.application";
		};
/* End PBXNativeTarget section */

/* Begin PBXProject section */
		BEDF08E41E1C10AD003AA14D /* Project object */ = {
			isa = PBXProject;
			attributes = {
				LastSwiftUpdateCheck = 0800;
				LastUpgradeCheck = 0900;
				ORGANIZATIONNAME = "Chad Zeluff";
				TargetAttributes = {
					BEDF08EB1E1C10AD003AA14D = {
						CreatedOnToolsVersion = 8.0;
						LastSwiftMigration = 0900;
						ProvisioningStyle = Automatic;
					};
				};
			};
			buildConfigurationList = BEDF08E71E1C10AD003AA14D /* Build configuration list for PBXProject "PersonalityQuiz" */;
			compatibilityVersion = "Xcode 3.2";
			developmentRegion = English;
			hasScannedForEncodings = 0;
			knownRegions = (
				en,
				Base,
			);
			mainGroup = BEDF08E31E1C10AD003AA14D;
			productRefGroup = BEDF08ED1E1C10AD003AA14D /* Products */;
			projectDirPath = "";
			projectRoot = "";
			targets = (
				BEDF08EB1E1C10AD003AA14D /* PersonalityQuiz */,
			);
		};
/* End PBXProject section */

/* Begin PBXResourcesBuildPhase section */
		BEDF08EA1E1C10AD003AA14D /* Resources */ = {
			isa = PBXResourcesBuildPhase;
			buildActionMask = 2147483647;
			files = (
				BEDF08FA1E1C10AE003AA14D /* LaunchScreen.storyboard in Resources */,
				BEDF08F71E1C10AE003AA14D /* Assets.xcassets in Resources */,
				BEDF08F51E1C10AE003AA14D /* Main.storyboard in Resources */,
			);
			runOnlyForDeploymentPostprocessing = 0;
		};
/* End PBXResourcesBuildPhase section */

/* Begin PBXSourcesBuildPhase section */
		BEDF08E81E1C10AD003AA14D /* Sources */ = {
			isa = PBXSourcesBuildPhase;
			buildActionMask = 2147483647;
			files = (
				BE2654AE1E23F2CF00A57FAC /* QuestionData.swift in Sources */,
				BEDF08F21E1C10AE003AA14D /* IntroductionViewController.swift in Sources */,
				BEDF08F01E1C10AD003AA14D /* AppDelegate.swift in Sources */,
				BE2654AA1E23CD4500A57FAC /* QuestionViewController.swift in Sources */,
				BE2654AC1E23CD5200A57FAC /* ResultsViewController.swift in Sources */,
			);
			runOnlyForDeploymentPostprocessing = 0;
		};
/* End PBXSourcesBuildPhase section */

/* Begin PBXVariantGroup section */
		BEDF08F31E1C10AE003AA14D /* Main.storyboard */ = {
			isa = PBXVariantGroup;
			children = (
				BEDF08F41E1C10AE003AA14D /* Base */,
			);
			name = Main.storyboard;
			sourceTree = "<group>";
		};
		BEDF08F81E1C10AE003AA14D /* LaunchScreen.storyboard */ = {
			isa = PBXVariantGroup;
			children = (
				BEDF08F91E1C10AE003AA14D /* Base */,
			);
			name = LaunchScreen.storyboard;
			sourceTree = "<group>";
		};
/* End PBXVariantGroup section */

/* Begin XCBuildConfiguration section */
		BEDF08FC1E1C10AE003AA14D /* Debug */ = {
			isa = XCBuildConfiguration;
			buildSettings = {
				ALWAYS_SEARCH_USER_PATHS = NO;
				CLANG_ANALYZER_NONNULL = YES;
				CLANG_CXX_LANGUAGE_STANDARD = "gnu++0x";
				CLANG_CXX_LIBRARY = "libc++";
				CLANG_ENABLE_MODULES = YES;
				CLANG_ENABLE_OBJC_ARC = YES;
				CLANG_WARN_BLOCK_CAPTURE_AUTORELEASING = YES;
				CLANG_WARN_BOOL_CONVERSION = YES;
				CLANG_WARN_COMMA = YES;
				CLANG_WARN_CONSTANT_CONVERSION = YES;
				CLANG_WARN_DIRECT_OBJC_ISA_USAGE = YES_ERROR;
				CLANG_WARN_DOCUMENTATION_COMMENTS = YES;
				CLANG_WARN_EMPTY_BODY = YES;
				CLANG_WARN_ENUM_CONVERSION = YES;
				CLANG_WARN_INFINITE_RECURSION = YES;
				CLANG_WARN_INT_CONVERSION = YES;
				CLANG_WARN_NON_LITERAL_NULL_CONVERSION = YES;
				CLANG_WARN_OBJC_LITERAL_CONVERSION = YES;
				CLANG_WARN_OBJC_ROOT_CLASS = YES_ERROR;
				CLANG_WARN_RANGE_LOOP_ANALYSIS = YES;
				CLANG_WARN_STRICT_PROTOTYPES = YES;
				CLANG_WARN_SUSPICIOUS_MOVE = YES;
				CLANG_WARN_SUSPICIOUS_MOVES = YES;
				CLANG_WARN_UNREACHABLE_CODE = YES;
				CLANG_WARN__DUPLICATE_METHOD_MATCH = YES;
				"CODE_SIGN_IDENTITY[sdk=iphoneos*]" = "iPhone Developer";
				COPY_PHASE_STRIP = NO;
				DEBUG_INFORMATION_FORMAT = dwarf;
				ENABLE_STRICT_OBJC_MSGSEND = YES;
				ENABLE_TESTABILITY = YES;
				GCC_C_LANGUAGE_STANDARD = gnu99;
				GCC_DYNAMIC_NO_PIC = NO;
				GCC_NO_COMMON_BLOCKS = YES;
				GCC_OPTIMIZATION_LEVEL = 0;
				GCC_PREPROCESSOR_DEFINITIONS = (
					"DEBUG=1",
					"$(inherited)",
				);
				GCC_WARN_64_TO_32_BIT_CONVERSION = YES;
				GCC_WARN_ABOUT_RETURN_TYPE = YES_ERROR;
				GCC_WARN_UNDECLARED_SELECTOR = YES;
				GCC_WARN_UNINITIALIZED_AUTOS = YES_AGGRESSIVE;
				GCC_WARN_UNUSED_FUNCTION = YES;
				GCC_WARN_UNUSED_VARIABLE = YES;
				IPHONEOS_DEPLOYMENT_TARGET = 11.0;
				MTL_ENABLE_DEBUG_INFO = YES;
				ONLY_ACTIVE_ARCH = YES;
				SDKROOT = iphoneos;
				SWIFT_ACTIVE_COMPILATION_CONDITIONS = DEBUG;
				SWIFT_OPTIMIZATION_LEVEL = "-Onone";
				SWIFT_SWIFT3_OBJC_INFERENCE = Off;
				TARGETED_DEVICE_FAMILY = "1,2";
			};
			name = Debug;
		};
		BEDF08FD1E1C10AE003AA14D /* Release */ = {
			isa = XCBuildConfiguration;
			buildSettings = {
				ALWAYS_SEARCH_USER_PATHS = NO;
				CLANG_ANALYZER_NONNULL = YES;
				CLANG_CXX_LANGUAGE_STANDARD = "gnu++0x";
				CLANG_CXX_LIBRARY = "libc++";
				CLANG_ENABLE_MODULES = YES;
				CLANG_ENABLE_OBJC_ARC = YES;
				CLANG_WARN_BLOCK_CAPTURE_AUTORELEASING = YES;
				CLANG_WARN_BOOL_CONVERSION = YES;
				CLANG_WARN_COMMA = YES;
				CLANG_WARN_CONSTANT_CONVERSION = YES;
				CLANG_WARN_DIRECT_OBJC_ISA_USAGE = YES_ERROR;
				CLANG_WARN_DOCUMENTATION_COMMENTS = YES;
				CLANG_WARN_EMPTY_BODY = YES;
				CLANG_WARN_ENUM_CONVERSION = YES;
				CLANG_WARN_INFINITE_RECURSION = YES;
				CLANG_WARN_INT_CONVERSION = YES;
				CLANG_WARN_NON_LITERAL_NULL_CONVERSION = YES;
				CLANG_WARN_OBJC_LITERAL_CONVERSION = YES;
				CLANG_WARN_OBJC_ROOT_CLASS = YES_ERROR;
				CLANG_WARN_RANGE_LOOP_ANALYSIS = YES;
				CLANG_WARN_STRICT_PROTOTYPES = YES;
				CLANG_WARN_SUSPICIOUS_MOVE = YES;
				CLANG_WARN_SUSPICIOUS_MOVES = YES;
				CLANG_WARN_UNREACHABLE_CODE = YES;
				CLANG_WARN__DUPLICATE_METHOD_MATCH = YES;
				"CODE_SIGN_IDENTITY[sdk=iphoneos*]" = "iPhone Developer";
				COPY_PHASE_STRIP = NO;
				DEBUG_INFORMATION_FORMAT = "dwarf-with-dsym";
				ENABLE_NS_ASSERTIONS = NO;
				ENABLE_STRICT_OBJC_MSGSEND = YES;
				GCC_C_LANGUAGE_STANDARD = gnu99;
				GCC_NO_COMMON_BLOCKS = YES;
				GCC_WARN_64_TO_32_BIT_CONVERSION = YES;
				GCC_WARN_ABOUT_RETURN_TYPE = YES_ERROR;
				GCC_WARN_UNDECLARED_SELECTOR = YES;
				GCC_WARN_UNINITIALIZED_AUTOS = YES_AGGRESSIVE;
				GCC_WARN_UNUSED_FUNCTION = YES;
				GCC_WARN_UNUSED_VARIABLE = YES;
				IPHONEOS_DEPLOYMENT_TARGET = 11.0;
				MTL_ENABLE_DEBUG_INFO = NO;
				SDKROOT = iphoneos;
				SWIFT_OPTIMIZATION_LEVEL = "-Owholemodule";
				SWIFT_SWIFT3_OBJC_INFERENCE = Off;
				TARGETED_DEVICE_FAMILY = "1,2";
				VALIDATE_PRODUCT = YES;
			};
			name = Release;
		};
		BEDF08FF1E1C10AE003AA14D /* Debug */ = {
			isa = XCBuildConfiguration;
			buildSettings = {
				ASSETCATALOG_COMPILER_APPICON_NAME = AppIcon;
				INFOPLIST_FILE = PersonalityQuiz/Info.plist;
				IPHONEOS_DEPLOYMENT_TARGET = 11.0;
				LD_RUNPATH_SEARCH_PATHS = "$(inherited) @executable_path/Frameworks";
				PRODUCT_BUNDLE_IDENTIFIER = com.example.PersonalityQuiz;
				PRODUCT_NAME = "$(TARGET_NAME)";
				SWIFT_SWIFT3_OBJC_INFERENCE = Off;
				SWIFT_VERSION = 4.0;
			};
			name = Debug;
		};
		BEDF09001E1C10AE003AA14D /* Release */ = {
			isa = XCBuildConfiguration;
			buildSettings = {
				ASSETCATALOG_COMPILER_APPICON_NAME = AppIcon;
				INFOPLIST_FILE = PersonalityQuiz/Info.plist;
				IPHONEOS_DEPLOYMENT_TARGET = 11.0;
				LD_RUNPATH_SEARCH_PATHS = "$(inherited) @executable_path/Frameworks";
				PRODUCT_BUNDLE_IDENTIFIER = com.example.PersonalityQuiz;
				PRODUCT_NAME = "$(TARGET_NAME)";
				SWIFT_SWIFT3_OBJC_INFERENCE = Off;
				SWIFT_VERSION = 4.0;
			};
			name = Release;
		};
/* End XCBuildConfiguration section */

/* Begin XCConfigurationList section */
		BEDF08E71E1C10AD003AA14D /* Build configuration list for PBXProject "PersonalityQuiz" */ = {
			isa = XCConfigurationList;
			buildConfigurations = (
				BEDF08FC1E1C10AE003AA14D /* Debug */,
				BEDF08FD1E1C10AE003AA14D /* Release */,
			);
			defaultConfigurationIsVisible = 0;
			defaultConfigurationName = Release;
		};
		BEDF08FE1E1C10AE003AA14D /* Build configuration list for PBXNativeTarget "PersonalityQuiz" */ = {
			isa = XCConfigurationList;
			buildConfigurations = (
				BEDF08FF1E1C10AE003AA14D /* Debug */,
				BEDF09001E1C10AE003AA14D /* Release */,
			);
			defaultConfigurationIsVisible = 0;
			defaultConfigurationName = Release;
		};
/* End XCConfigurationList section */
	};
	rootObject = BEDF08E41E1C10AD003AA14D /* Project object */;
}
